
Microsoft Visual Studio Solution File, Format Version 12.00
# Visual Studio Version 16
VisualStudioVersion = 16.0.30907.101
MinimumVisualStudioVersion = 10.0.40219.1
Project("{9A19103F-16F7-4668-BE54-9A1E7A4F7556}") = "DataAccess", "DataAccess\DataAccess.csproj", "{37B70141-491E-4AF3-8D2C-40A25F066067}"
EndProject
Project("{9A19103F-16F7-4668-BE54-9A1E7A4F7556}") = "Business", "Business\Business.csproj", "{F3DD07C2-5983-4075-8DF0-791587FF5D67}"
EndProject
Project("{9A19103F-16F7-4668-BE54-9A1E7A4F7556}") = "Entities", "Entities\Entities.csproj", "{4B72449B-8A95-419B-98FD-D8BBC8591470}"
EndProject
Project("{9A19103F-16F7-4668-BE54-9A1E7A4F7556}") = "ConsoleUI", "ConsoleUI\ConsoleUI.csproj", "{EAC0E6C1-C9CB-4ED1-8AFC-576CD579EB13}"
EndProject
Project("{9A19103F-16F7-4668-BE54-9A1E7A4F7556}") = "Core", "Core\Core.csproj", "{EBD583DF-5B00-41CB-A1C4-45ADFCDDE10C}"
EndProject
Project("{FAE04EC0-301F-11D3-BF4B-00C04F79EFBC}") = "WebAPI", "WebAPI\WebAPI.csproj", "{111CDB9E-E76A-41CC-B031-A7D9D545D176}"
EndProject
Global
	GlobalSection(SolutionConfigurationPlatforms) = preSolution
		Debug|Any CPU = Debug|Any CPU
		Release|Any CPU = Release|Any CPU
	EndGlobalSection
	GlobalSection(ProjectConfigurationPlatforms) = postSolution
		{37B70141-491E-4AF3-8D2C-40A25F066067}.Debug|Any CPU.ActiveCfg = Debug|Any CPU
		{37B70141-491E-4AF3-8D2C-40A25F066067}.Debug|Any CPU.Build.0 = Debug|Any CPU
		{37B70141-491E-4AF3-8D2C-40A25F066067}.Release|Any CPU.ActiveCfg = Release|Any CPU
		{37B70141-491E-4AF3-8D2C-40A25F066067}.Release|Any CPU.Build.0 = Release|Any CPU
		{F3DD07C2-5983-4075-8DF0-791587FF5D67}.Debug|Any CPU.ActiveCfg = Debug|Any CPU
		{F3DD07C2-5983-4075-8DF0-791587FF5D67}.Debug|Any CPU.Build.0 = Debug|Any CPU
		{F3DD07C2-5983-4075-8DF0-791587FF5D67}.Release|Any CPU.ActiveCfg = Release|Any CPU
		{F3DD07C2-5983-4075-8DF0-791587FF5D67}.Release|Any CPU.Build.0 = Release|Any CPU
		{4B72449B-8A95-419B-98FD-D8BBC8591470}.Debug|Any CPU.ActiveCfg = Debug|Any CPU
		{4B72449B-8A95-419B-98FD-D8BBC8591470}.Debug|Any CPU.Build.0 = Debug|Any CPU
		{4B72449B-8A95-419B-98FD-D8BBC8591470}.Release|Any CPU.ActiveCfg = Release|Any CPU
		{4B72449B-8A95-419B-98FD-D8BBC8591470}.Release|Any CPU.Build.0 = Release|Any CPU
		{EAC0E6C1-C9CB-4ED1-8AFC-576CD579EB13}.Debug|Any CPU.ActiveCfg = Debug|Any CPU
		{EAC0E6C1-C9CB-4ED1-8AFC-576CD579EB13}.Debug|Any CPU.Build.0 = Debug|Any CPU
		{EAC0E6C1-C9CB-4ED1-8AFC-576CD579EB13}.Release|Any CPU.ActiveCfg = Release|Any CPU
		{EAC0E6C1-C9CB-4ED1-8AFC-576CD579EB13}.Release|Any CPU.Build.0 = Release|Any CPU
		{EBD583DF-5B00-41CB-A1C4-45ADFCDDE10C}.Debug|Any CPU.ActiveCfg = Debug|Any CPU
		{EBD583DF-5B00-41CB-A1C4-45ADFCDDE10C}.Debug|Any CPU.Build.0 = Debug|Any CPU
		{EBD583DF-5B00-41CB-A1C4-45ADFCDDE10C}.Release|Any CPU.ActiveCfg = Release|Any CPU
		{EBD583DF-5B00-41CB-A1C4-45ADFCDDE10C}.Release|Any CPU.Build.0 = Release|Any CPU
		{111CDB9E-E76A-41CC-B031-A7D9D545D176}.Debug|Any CPU.ActiveCfg = Debug|Any CPU
		{111CDB9E-E76A-41CC-B031-A7D9D545D176}.Debug|Any CPU.Build.0 = Debug|Any CPU
		{111CDB9E-E76A-41CC-B031-A7D9D545D176}.Release|Any CPU.ActiveCfg = Release|Any CPU
		{111CDB9E-E76A-41CC-B031-A7D9D545D176}.Release|Any CPU.Build.0 = Release|Any CPU
	EndGlobalSection
	GlobalSection(SolutionProperties) = preSolution
		HideSolutionNode = FALSE
	EndGlobalSection
	GlobalSection(ExtensibilityGlobals) = postSolution
		SolutionGuid = {65180316-43BA-4FCC-B747-48CDB3F8C3AA}
	EndGlobalSection
EndGlobal
